
Microsoft Visual Studio Solution File, Format Version 12.00
# Visual Studio Version 17
VisualStudioVersion = 17.11.35303.130
MinimumVisualStudioVersion = 10.0.40219.1
Project("{FAE04EC0-301F-11D3-BF4B-00C04F79EFBC}") = "MDashboard.Mvc", "MDashboard.Mvc\MDashboard.Mvc.csproj", "{BB525093-C324-4936-8FDB-019EEA1A037F}"
EndProject
Project("{FAE04EC0-301F-11D3-BF4B-00C04F79EFBC}") = "MDashboard.Data", "MDashboard.Data\MDashboard.Data.csproj", "{D687B3D4-287A-45AF-89F4-96811F858552}"
EndProject
Project("{FAE04EC0-301F-11D3-BF4B-00C04F79EFBC}") = "MDashboard.Services", "MDashboard.Services\MDashboard.Services.csproj", "{4D536AE8-F09E-44B1-94E7-FE1BACE4C834}"
EndProject
Project("{FAE04EC0-301F-11D3-BF4B-00C04F79EFBC}") = "MDashboard.Repository", "MDashboard.Repository\MDashboard.Repository.csproj", "{352509CE-5BAA-4B1D-BCC0-F0CC3143B586}"
EndProject
Project("{FAE04EC0-301F-11D3-BF4B-00C04F79EFBC}") = "MDashboard.Business", "MDashboard.Business\MDashboard.Business.csproj", "{1EE1DDD7-4E31-43C0-9B16-13F38CB86975}"
EndProject
Global
	GlobalSection(SolutionConfigurationPlatforms) = preSolution
		Debug|Any CPU = Debug|Any CPU
		Release|Any CPU = Release|Any CPU
	EndGlobalSection
	GlobalSection(ProjectConfigurationPlatforms) = postSolution
		{BB525093-C324-4936-8FDB-019EEA1A037F}.Debug|Any CPU.ActiveCfg = Debug|Any CPU
		{BB525093-C324-4936-8FDB-019EEA1A037F}.Debug|Any CPU.Build.0 = Debug|Any CPU
		{BB525093-C324-4936-8FDB-019EEA1A037F}.Release|Any CPU.ActiveCfg = Release|Any CPU
		{BB525093-C324-4936-8FDB-019EEA1A037F}.Release|Any CPU.Build.0 = Release|Any CPU
		{D687B3D4-287A-45AF-89F4-96811F858552}.Debug|Any CPU.ActiveCfg = Debug|Any CPU
		{D687B3D4-287A-45AF-89F4-96811F858552}.Debug|Any CPU.Build.0 = Debug|Any CPU
		{D687B3D4-287A-45AF-89F4-96811F858552}.Release|Any CPU.ActiveCfg = Release|Any CPU
		{D687B3D4-287A-45AF-89F4-96811F858552}.Release|Any CPU.Build.0 = Release|Any CPU
		{4D536AE8-F09E-44B1-94E7-FE1BACE4C834}.Debug|Any CPU.ActiveCfg = Debug|Any CPU
		{4D536AE8-F09E-44B1-94E7-FE1BACE4C834}.Debug|Any CPU.Build.0 = Debug|Any CPU
		{4D536AE8-F09E-44B1-94E7-FE1BACE4C834}.Release|Any CPU.ActiveCfg = Release|Any CPU
		{4D536AE8-F09E-44B1-94E7-FE1BACE4C834}.Release|Any CPU.Build.0 = Release|Any CPU
		{352509CE-5BAA-4B1D-BCC0-F0CC3143B586}.Debug|Any CPU.ActiveCfg = Debug|Any CPU
		{352509CE-5BAA-4B1D-BCC0-F0CC3143B586}.Debug|Any CPU.Build.0 = Debug|Any CPU
		{352509CE-5BAA-4B1D-BCC0-F0CC3143B586}.Release|Any CPU.ActiveCfg = Release|Any CPU
		{352509CE-5BAA-4B1D-BCC0-F0CC3143B586}.Release|Any CPU.Build.0 = Release|Any CPU
		{1EE1DDD7-4E31-43C0-9B16-13F38CB86975}.Debug|Any CPU.ActiveCfg = Debug|Any CPU
		{1EE1DDD7-4E31-43C0-9B16-13F38CB86975}.Debug|Any CPU.Build.0 = Debug|Any CPU
		{1EE1DDD7-4E31-43C0-9B16-13F38CB86975}.Release|Any CPU.ActiveCfg = Release|Any CPU
		{1EE1DDD7-4E31-43C0-9B16-13F38CB86975}.Release|Any CPU.Build.0 = Release|Any CPU
	EndGlobalSection
	GlobalSection(SolutionProperties) = preSolution
		HideSolutionNode = FALSE
	EndGlobalSection
	GlobalSection(ExtensibilityGlobals) = postSolution
		SolutionGuid = {65BE1483-20BF-4DB7-88C6-6B9BEC2FE858}
	EndGlobalSection
EndGlobal
